# THIS IS AN AUTOGENERATED FILE. DO NOT EDIT THIS FILE DIRECTLY.
# yarn lockfile v1


"@tsconfig/recommended@^1.0.1":
  version "1.0.1"
  resolved "https://registry.yarnpkg.com/@tsconfig/recommended/-/recommended-1.0.1.tgz#7619bad397e06ead1c5182926c944e0ca6177f52"
  integrity sha512-2xN+iGTbPBEzGSnVp/Hd64vKJCJWxsi9gfs88x4PPMyEjHJoA3o5BY9r5OLPHIZU2pAQxkSAsJFqn6itClP8mQ==

"@types/mocha@^10.0.1":
  version "10.0.1"
  resolved "https://registry.yarnpkg.com/@types/mocha/-/mocha-10.0.1.tgz#2f4f65bb08bc368ac39c96da7b2f09140b26851b"
  integrity sha512-/fvYntiO1GeICvqbQ3doGDIP97vWmvFt83GKguJ6prmQM2iXZfFcq6YE8KteFyRtX2/h5Hf91BYvPodJKFYv5Q==

"@web3-react/types@^8.0.20-beta.0":
  version "8.0.20-beta.0"
  resolved "https://registry.yarnpkg.com/@web3-react/types/-/types-8.0.20-beta.0.tgz#6b4509bef8c5c7eb866e49295880c865c20fb565"
  integrity sha512-qOZYMyUmsm3Um6t6Pg3OgnE86ufhWZpB5/VxsooB8cdpXc/C/f8KMyYSeM63GoKSMScOKwfqV6yODFL7g/Qc8g==
  dependencies:
    zustand "^4.0.0-rc.0"

use-sync-external-store@1.2.0:
  version "1.2.0"
  resolved "https://registry.yarnpkg.com/use-sync-external-store/-/use-sync-external-store-1.2.0.tgz#7dbefd6ef3fe4e767a0cf5d7287aacfb5846928a"
  integrity sha512-eEgnFxGQ1Ife9bzYs6VLi8/4X6CObHMw9Qr9tPY43iKwsPw8xE8+EFsf/2cFZ5S3esXgpWgtSCtLNS41F+sKPA==

zustand@^4.0.0-rc.0:
  version "4.3.1"
  resolved "https://registry.yarnpkg.com/zustand/-/zustand-4.3.1.tgz#76c47ef713c43763953f7a9e518f89efd898e3bb"
  integrity sha512-EVyo/eLlOTcJm/X5M00rwtbYFXwRVTaRteSvhtbTZUCQFJkNfIyHPiJ6Ke68MSWzcKHpPzvqNH4gC2ZS/sbNqw==
  dependencies:
    use-sync-external-store "1.2.0"
